// !$*UTF8*$!
{
	archiveVersion = 1;
	classes = {
	};
	objectVersion = 46;
	objects = {

/* Begin PBXBuildFile section */
		114A3ED04C3CF439855C7BDE /* Pods_EMSMobileSDKTests.framework in Frameworks */ = {isa = PBXBuildFile; fileRef = D3F60FA92208466C81E98B38 /* Pods_EMSMobileSDKTests.framework */; };
		61DEC6EEAF7F14FDFE3B9A72 /* Pods_EMSMobileSDK.framework in Frameworks */ = {isa = PBXBuildFile; fileRef = AA56D3E7DB09218E3F27E6E5 /* Pods_EMSMobileSDK.framework */; };
		7BD52B801FBDF1BD008A0755 /* EMSMobileSDK.swift in Sources */ = {isa = PBXBuildFile; fileRef = 7E22C2071E64BA4900CA905E /* EMSMobileSDK.swift */; };
		7DA4238823C433B40082B7C4 /* KeychainAccess.swift in Sources */ = {isa = PBXBuildFile; fileRef = 7DA4238723C433B40082B7C4 /* KeychainAccess.swift */; };
		7DA4238C23C434670082B7C4 /* KeychainAccessTests.swift in Sources */ = {isa = PBXBuildFile; fileRef = 7DA4238B23C434670082B7C4 /* KeychainAccessTests.swift */; };
		7DA4239423C465390082B7C4 /* AppDelegate.swift in Sources */ = {isa = PBXBuildFile; fileRef = 7DA4239323C465390082B7C4 /* AppDelegate.swift */; };
		7DA4239823C465390082B7C4 /* ViewController.swift in Sources */ = {isa = PBXBuildFile; fileRef = 7DA4239723C465390082B7C4 /* ViewController.swift */; };
		7DA4239B23C465390082B7C4 /* Main.storyboard in Resources */ = {isa = PBXBuildFile; fileRef = 7DA4239923C465390082B7C4 /* Main.storyboard */; };
		7DA4239D23C4653C0082B7C4 /* Assets.xcassets in Resources */ = {isa = PBXBuildFile; fileRef = 7DA4239C23C4653C0082B7C4 /* Assets.xcassets */; };
		7DA423A023C4653C0082B7C4 /* LaunchScreen.storyboard in Resources */ = {isa = PBXBuildFile; fileRef = 7DA4239E23C4653C0082B7C4 /* LaunchScreen.storyboard */; };
		7DDD02F223C5C66A0047ADA7 /* EMSAPI.swift in Sources */ = {isa = PBXBuildFile; fileRef = 7DDD02F123C5C66A0047ADA7 /* EMSAPI.swift */; };
		7E22C20C1E64BA4900CA905E /* EMSRegions.swift in Sources */ = {isa = PBXBuildFile; fileRef = 7E22C2081E64BA4900CA905E /* EMSRegions.swift */; };
		7E22C20D1E64BA4900CA905E /* EMSCommsError.swift in Sources */ = {isa = PBXBuildFile; fileRef = 7E22C2091E64BA4900CA905E /* EMSCommsError.swift */; };
		7E22C2101E64BA6100CA905E /* EMSMobileSDKTests.swift in Sources */ = {isa = PBXBuildFile; fileRef = 7E22C20F1E64BA6100CA905E /* EMSMobileSDKTests.swift */; };
		7E4A78AD1E64B3E200CE6302 /* EMSMobileSDK.framework in Frameworks */ = {isa = PBXBuildFile; fileRef = 7E4A78A31E64B3E200CE6302 /* EMSMobileSDK.framework */; };
		7E4A78B41E64B3E200CE6302 /* EMSMobileSDK.h in Headers */ = {isa = PBXBuildFile; fileRef = 7E4A78A61E64B3E200CE6302 /* EMSMobileSDK.h */; settings = {ATTRIBUTES = (Public, ); }; };
		D185B0C920DACEB80018C24E /* EMSDeepLink.swift in Sources */ = {isa = PBXBuildFile; fileRef = D185B0C820DACEB80018C24E /* EMSDeepLink.swift */; };
/* End PBXBuildFile section */

/* Begin PBXContainerItemProxy section */
		7DA423A523C465540082B7C4 /* PBXContainerItemProxy */ = {
			isa = PBXContainerItemProxy;
			containerPortal = 7E4A789A1E64B3E200CE6302 /* Project object */;
			proxyType = 1;
			remoteGlobalIDString = 7DA4239023C465390082B7C4;
			remoteInfo = EMSMobileSDKHost;
		};
		7E4A78AE1E64B3E200CE6302 /* PBXContainerItemProxy */ = {
			isa = PBXContainerItemProxy;
			containerPortal = 7E4A789A1E64B3E200CE6302 /* Project object */;
			proxyType = 1;
			remoteGlobalIDString = 7E4A78A21E64B3E200CE6302;
			remoteInfo = EMSMobileSDK;
		};
/* End PBXContainerItemProxy section */

/* Begin PBXFileReference section */
		207EC30A8BFDBBC4C06677D5 /* Pods-EMSMobileSDKTests.release.xcconfig */ = {isa = PBXFileReference; includeInIndex = 1; lastKnownFileType = text.xcconfig; name = "Pods-EMSMobileSDKTests.release.xcconfig"; path = "Target Support Files/Pods-EMSMobileSDKTests/Pods-EMSMobileSDKTests.release.xcconfig"; sourceTree = "<group>"; };
		7DA4238723C433B40082B7C4 /* KeychainAccess.swift */ = {isa = PBXFileReference; lastKnownFileType = sourcecode.swift; path = KeychainAccess.swift; sourceTree = "<group>"; };
		7DA4238B23C434670082B7C4 /* KeychainAccessTests.swift */ = {isa = PBXFileReference; lastKnownFileType = sourcecode.swift; path = KeychainAccessTests.swift; sourceTree = "<group>"; };
		7DA4239123C465390082B7C4 /* EMSMobileSDKHost.app */ = {isa = PBXFileReference; explicitFileType = wrapper.application; includeInIndex = 0; path = EMSMobileSDKHost.app; sourceTree = BUILT_PRODUCTS_DIR; };
		7DA4239323C465390082B7C4 /* AppDelegate.swift */ = {isa = PBXFileReference; lastKnownFileType = sourcecode.swift; path = AppDelegate.swift; sourceTree = "<group>"; };
		7DA4239723C465390082B7C4 /* ViewController.swift */ = {isa = PBXFileReference; lastKnownFileType = sourcecode.swift; path = ViewController.swift; sourceTree = "<group>"; };
		7DA4239A23C465390082B7C4 /* Base */ = {isa = PBXFileReference; lastKnownFileType = file.storyboard; name = Base; path = Base.lproj/Main.storyboard; sourceTree = "<group>"; };
		7DA4239C23C4653C0082B7C4 /* Assets.xcassets */ = {isa = PBXFileReference; lastKnownFileType = folder.assetcatalog; path = Assets.xcassets; sourceTree = "<group>"; };
		7DA4239F23C4653C0082B7C4 /* Base */ = {isa = PBXFileReference; lastKnownFileType = file.storyboard; name = Base; path = Base.lproj/LaunchScreen.storyboard; sourceTree = "<group>"; };
		7DA423A123C4653C0082B7C4 /* Info.plist */ = {isa = PBXFileReference; lastKnownFileType = text.plist.xml; path = Info.plist; sourceTree = "<group>"; };
		7DDD02F123C5C66A0047ADA7 /* EMSAPI.swift */ = {isa = PBXFileReference; lastKnownFileType = sourcecode.swift; path = EMSAPI.swift; sourceTree = "<group>"; };
		7E22C2071E64BA4900CA905E /* EMSMobileSDK.swift */ = {isa = PBXFileReference; fileEncoding = 4; lastKnownFileType = sourcecode.swift; path = EMSMobileSDK.swift; sourceTree = "<group>"; };
		7E22C2081E64BA4900CA905E /* EMSRegions.swift */ = {isa = PBXFileReference; fileEncoding = 4; lastKnownFileType = sourcecode.swift; path = EMSRegions.swift; sourceTree = "<group>"; };
		7E22C2091E64BA4900CA905E /* EMSCommsError.swift */ = {isa = PBXFileReference; fileEncoding = 4; lastKnownFileType = sourcecode.swift; path = EMSCommsError.swift; sourceTree = "<group>"; };
		7E22C20F1E64BA6100CA905E /* EMSMobileSDKTests.swift */ = {isa = PBXFileReference; fileEncoding = 4; lastKnownFileType = sourcecode.swift; path = EMSMobileSDKTests.swift; sourceTree = "<group>"; };
		7E4A78A31E64B3E200CE6302 /* EMSMobileSDK.framework */ = {isa = PBXFileReference; explicitFileType = wrapper.framework; includeInIndex = 0; path = EMSMobileSDK.framework; sourceTree = BUILT_PRODUCTS_DIR; };
		7E4A78A61E64B3E200CE6302 /* EMSMobileSDK.h */ = {isa = PBXFileReference; lastKnownFileType = sourcecode.c.h; path = EMSMobileSDK.h; sourceTree = "<group>"; };
		7E4A78A71E64B3E200CE6302 /* Info.plist */ = {isa = PBXFileReference; lastKnownFileType = text.plist.xml; path = Info.plist; sourceTree = "<group>"; };
		7E4A78AC1E64B3E200CE6302 /* EMSMobileSDKTests.xctest */ = {isa = PBXFileReference; explicitFileType = wrapper.cfbundle; includeInIndex = 0; path = EMSMobileSDKTests.xctest; sourceTree = BUILT_PRODUCTS_DIR; };
		7E4A78B31E64B3E200CE6302 /* Info.plist */ = {isa = PBXFileReference; lastKnownFileType = text.plist.xml; path = Info.plist; sourceTree = "<group>"; };
		895A7C4226BA93664502DB3F /* Pods-EMSMobileSDK.debug.xcconfig */ = {isa = PBXFileReference; includeInIndex = 1; lastKnownFileType = text.xcconfig; name = "Pods-EMSMobileSDK.debug.xcconfig"; path = "Target Support Files/Pods-EMSMobileSDK/Pods-EMSMobileSDK.debug.xcconfig"; sourceTree = "<group>"; };
		AA56D3E7DB09218E3F27E6E5 /* Pods_EMSMobileSDK.framework */ = {isa = PBXFileReference; explicitFileType = wrapper.framework; includeInIndex = 0; path = Pods_EMSMobileSDK.framework; sourceTree = BUILT_PRODUCTS_DIR; };
		BB0B16D3AC97067C8F8F60A2 /* Pods-EMSMobileSDKTests.debug.xcconfig */ = {isa = PBXFileReference; includeInIndex = 1; lastKnownFileType = text.xcconfig; name = "Pods-EMSMobileSDKTests.debug.xcconfig"; path = "Target Support Files/Pods-EMSMobileSDKTests/Pods-EMSMobileSDKTests.debug.xcconfig"; sourceTree = "<group>"; };
		D185B0C820DACEB80018C24E /* EMSDeepLink.swift */ = {isa = PBXFileReference; lastKnownFileType = sourcecode.swift; path = EMSDeepLink.swift; sourceTree = "<group>"; };
		D3F60FA92208466C81E98B38 /* Pods_EMSMobileSDKTests.framework */ = {isa = PBXFileReference; explicitFileType = wrapper.framework; includeInIndex = 0; path = Pods_EMSMobileSDKTests.framework; sourceTree = BUILT_PRODUCTS_DIR; };
		F7E132AF2D4FA3219AF458A2 /* Pods-EMSMobileSDK.release.xcconfig */ = {isa = PBXFileReference; includeInIndex = 1; lastKnownFileType = text.xcconfig; name = "Pods-EMSMobileSDK.release.xcconfig"; path = "Target Support Files/Pods-EMSMobileSDK/Pods-EMSMobileSDK.release.xcconfig"; sourceTree = "<group>"; };
/* End PBXFileReference section */

/* Begin PBXFrameworksBuildPhase section */
		7DA4238E23C465390082B7C4 /* Frameworks */ = {
			isa = PBXFrameworksBuildPhase;
			buildActionMask = 2147483647;
			files = (
			);
			runOnlyForDeploymentPostprocessing = 0;
		};
		7E4A789F1E64B3E200CE6302 /* Frameworks */ = {
			isa = PBXFrameworksBuildPhase;
			buildActionMask = 2147483647;
			files = (
				61DEC6EEAF7F14FDFE3B9A72 /* Pods_EMSMobileSDK.framework in Frameworks */,
			);
			runOnlyForDeploymentPostprocessing = 0;
		};
		7E4A78A91E64B3E200CE6302 /* Frameworks */ = {
			isa = PBXFrameworksBuildPhase;
			buildActionMask = 2147483647;
			files = (
				7E4A78AD1E64B3E200CE6302 /* EMSMobileSDK.framework in Frameworks */,
				114A3ED04C3CF439855C7BDE /* Pods_EMSMobileSDKTests.framework in Frameworks */,
			);
			runOnlyForDeploymentPostprocessing = 0;
		};
/* End PBXFrameworksBuildPhase section */

/* Begin PBXGroup section */
		7DA4238523C433980082B7C4 /* Helper */ = {
			isa = PBXGroup;
			children = (
				7DA4238723C433B40082B7C4 /* KeychainAccess.swift */,
			);
			path = Helper;
			sourceTree = "<group>";
		};
		7DA4239223C465390082B7C4 /* EMSMobileSDKHost */ = {
			isa = PBXGroup;
			children = (
				7DA4239323C465390082B7C4 /* AppDelegate.swift */,
				7DA4239723C465390082B7C4 /* ViewController.swift */,
				7DA4239923C465390082B7C4 /* Main.storyboard */,
				7DA4239C23C4653C0082B7C4 /* Assets.xcassets */,
				7DA4239E23C4653C0082B7C4 /* LaunchScreen.storyboard */,
				7DA423A123C4653C0082B7C4 /* Info.plist */,
			);
			path = EMSMobileSDKHost;
			sourceTree = "<group>";
		};
		7E4A78991E64B3E200CE6302 = {
			isa = PBXGroup;
			children = (
				7E4A78A51E64B3E200CE6302 /* EMSMobileSDK */,
				7E4A78B01E64B3E200CE6302 /* EMSMobileSDKTests */,
				7DA4239223C465390082B7C4 /* EMSMobileSDKHost */,
				7E4A78A41E64B3E200CE6302 /* Products */,
				FEF71FFCB0C4DE458C5FC7A7 /* Pods */,
				C1CCA23C53ADDB136204B732 /* Frameworks */,
			);
			sourceTree = "<group>";
		};
		7E4A78A41E64B3E200CE6302 /* Products */ = {
			isa = PBXGroup;
			children = (
				7E4A78A31E64B3E200CE6302 /* EMSMobileSDK.framework */,
				7E4A78AC1E64B3E200CE6302 /* EMSMobileSDKTests.xctest */,
				7DA4239123C465390082B7C4 /* EMSMobileSDKHost.app */,
			);
			name = Products;
			sourceTree = "<group>";
		};
		7E4A78A51E64B3E200CE6302 /* EMSMobileSDK */ = {
			isa = PBXGroup;
			children = (
				7E4A78A61E64B3E200CE6302 /* EMSMobileSDK.h */,
				7E4A78A71E64B3E200CE6302 /* Info.plist */,
				7DDD02F123C5C66A0047ADA7 /* EMSAPI.swift */,
				7E22C2091E64BA4900CA905E /* EMSCommsError.swift */,
				D185B0C820DACEB80018C24E /* EMSDeepLink.swift */,
				7E22C2071E64BA4900CA905E /* EMSMobileSDK.swift */,
				7E22C2081E64BA4900CA905E /* EMSRegions.swift */,
				7DA4238523C433980082B7C4 /* Helper */,
			);
			path = EMSMobileSDK;
			sourceTree = "<group>";
		};
		7E4A78B01E64B3E200CE6302 /* EMSMobileSDKTests */ = {
			isa = PBXGroup;
			children = (
				7E4A78B31E64B3E200CE6302 /* Info.plist */,
				7E22C20F1E64BA6100CA905E /* EMSMobileSDKTests.swift */,
				7DA4238B23C434670082B7C4 /* KeychainAccessTests.swift */,
			);
			path = EMSMobileSDKTests;
			sourceTree = "<group>";
		};
		C1CCA23C53ADDB136204B732 /* Frameworks */ = {
			isa = PBXGroup;
			children = (
				AA56D3E7DB09218E3F27E6E5 /* Pods_EMSMobileSDK.framework */,
				D3F60FA92208466C81E98B38 /* Pods_EMSMobileSDKTests.framework */,
			);
			name = Frameworks;
			sourceTree = "<group>";
		};
		FEF71FFCB0C4DE458C5FC7A7 /* Pods */ = {
			isa = PBXGroup;
			children = (
				895A7C4226BA93664502DB3F /* Pods-EMSMobileSDK.debug.xcconfig */,
				F7E132AF2D4FA3219AF458A2 /* Pods-EMSMobileSDK.release.xcconfig */,
				BB0B16D3AC97067C8F8F60A2 /* Pods-EMSMobileSDKTests.debug.xcconfig */,
				207EC30A8BFDBBC4C06677D5 /* Pods-EMSMobileSDKTests.release.xcconfig */,
			);
			path = Pods;
			sourceTree = "<group>";
		};
/* End PBXGroup section */

/* Begin PBXHeadersBuildPhase section */
		7E4A78A01E64B3E200CE6302 /* Headers */ = {
			isa = PBXHeadersBuildPhase;
			buildActionMask = 2147483647;
			files = (
				7E4A78B41E64B3E200CE6302 /* EMSMobileSDK.h in Headers */,
			);
			runOnlyForDeploymentPostprocessing = 0;
		};
/* End PBXHeadersBuildPhase section */

/* Begin PBXNativeTarget section */
		7DA4239023C465390082B7C4 /* EMSMobileSDKHost */ = {
			isa = PBXNativeTarget;
			buildConfigurationList = 7DA423A223C4653C0082B7C4 /* Build configuration list for PBXNativeTarget "EMSMobileSDKHost" */;
			buildPhases = (
				7DA4238D23C465390082B7C4 /* Sources */,
				7DA4238E23C465390082B7C4 /* Frameworks */,
				7DA4238F23C465390082B7C4 /* Resources */,
			);
			buildRules = (
			);
			dependencies = (
			);
			name = EMSMobileSDKHost;
			productName = EMSMobileSDKHost;
			productReference = 7DA4239123C465390082B7C4 /* EMSMobileSDKHost.app */;
			productType = "com.apple.product-type.application";
		};
		7E4A78A21E64B3E200CE6302 /* EMSMobileSDK */ = {
			isa = PBXNativeTarget;
			buildConfigurationList = 7E4A78B71E64B3E200CE6302 /* Build configuration list for PBXNativeTarget "EMSMobileSDK" */;
			buildPhases = (
				975861752D9747238A08BA72 /* [CP] Check Pods Manifest.lock */,
				7E4A789E1E64B3E200CE6302 /* Sources */,
				7E4A789F1E64B3E200CE6302 /* Frameworks */,
				7E4A78A01E64B3E200CE6302 /* Headers */,
				7E4A78A11E64B3E200CE6302 /* Resources */,
				90B6656723C423A4009BC2F3 /* ShellScript */,
			);
			buildRules = (
			);
			dependencies = (
			);
			name = EMSMobileSDK;
			productName = EMSMobileSDK;
			productReference = 7E4A78A31E64B3E200CE6302 /* EMSMobileSDK.framework */;
			productType = "com.apple.product-type.framework";
		};
		7E4A78AB1E64B3E200CE6302 /* EMSMobileSDKTests */ = {
			isa = PBXNativeTarget;
			buildConfigurationList = 7E4A78BA1E64B3E200CE6302 /* Build configuration list for PBXNativeTarget "EMSMobileSDKTests" */;
			buildPhases = (
				123B2D1C6381EC294E8AC839 /* [CP] Check Pods Manifest.lock */,
				7E4A78A81E64B3E200CE6302 /* Sources */,
				7E4A78A91E64B3E200CE6302 /* Frameworks */,
				7E4A78AA1E64B3E200CE6302 /* Resources */,
				E0483E906827056C9BA7B203 /* [CP] Embed Pods Frameworks */,
			);
			buildRules = (
			);
			dependencies = (
				7E4A78AF1E64B3E200CE6302 /* PBXTargetDependency */,
				7DA423A623C465540082B7C4 /* PBXTargetDependency */,
			);
			name = EMSMobileSDKTests;
			productName = EMSMobileSDKTests;
			productReference = 7E4A78AC1E64B3E200CE6302 /* EMSMobileSDKTests.xctest */;
			productType = "com.apple.product-type.bundle.unit-test";
		};
/* End PBXNativeTarget section */

/* Begin PBXProject section */
		7E4A789A1E64B3E200CE6302 /* Project object */ = {
			isa = PBXProject;
			attributes = {
				LastSwiftUpdateCheck = 0820;
				LastUpgradeCheck = 1130;
				ORGANIZATIONNAME = "Experian Marketing Services";
				TargetAttributes = {
					7DA4239023C465390082B7C4 = {
						CreatedOnToolsVersion = 11.3;
						DevelopmentTeam = 3U372X3A8W;
						ProvisioningStyle = Automatic;
					};
					7E4A78A21E64B3E200CE6302 = {
						CreatedOnToolsVersion = 8.2.1;
						DevelopmentTeam = 92ZW54NZ5P;
						LastSwiftMigration = 0820;
						ProvisioningStyle = Automatic;
					};
					7E4A78AB1E64B3E200CE6302 = {
						CreatedOnToolsVersion = 8.2.1;
						DevelopmentTeam = 92ZW54NZ5P;
						LastSwiftMigration = 0820;
						ProvisioningStyle = Automatic;
						TestTargetID = 7DA4239023C465390082B7C4;
					};
				};
			};
			buildConfigurationList = 7E4A789D1E64B3E200CE6302 /* Build configuration list for PBXProject "EMSMobileSDK" */;
			compatibilityVersion = "Xcode 3.2";
			developmentRegion = en;
			hasScannedForEncodings = 0;
			knownRegions = (
				en,
				Base,
			);
			mainGroup = 7E4A78991E64B3E200CE6302;
			productRefGroup = 7E4A78A41E64B3E200CE6302 /* Products */;
			projectDirPath = "";
			projectRoot = "";
			targets = (
				7E4A78A21E64B3E200CE6302 /* EMSMobileSDK */,
				7E4A78AB1E64B3E200CE6302 /* EMSMobileSDKTests */,
				7DA4239023C465390082B7C4 /* EMSMobileSDKHost */,
			);
		};
/* End PBXProject section */

/* Begin PBXResourcesBuildPhase section */
		7DA4238F23C465390082B7C4 /* Resources */ = {
			isa = PBXResourcesBuildPhase;
			buildActionMask = 2147483647;
			files = (
				7DA423A023C4653C0082B7C4 /* LaunchScreen.storyboard in Resources */,
				7DA4239D23C4653C0082B7C4 /* Assets.xcassets in Resources */,
				7DA4239B23C465390082B7C4 /* Main.storyboard in Resources */,
			);
			runOnlyForDeploymentPostprocessing = 0;
		};
		7E4A78A11E64B3E200CE6302 /* Resources */ = {
			isa = PBXResourcesBuildPhase;
			buildActionMask = 2147483647;
			files = (
			);
			runOnlyForDeploymentPostprocessing = 0;
		};
		7E4A78AA1E64B3E200CE6302 /* Resources */ = {
			isa = PBXResourcesBuildPhase;
			buildActionMask = 2147483647;
			files = (
			);
			runOnlyForDeploymentPostprocessing = 0;
		};
/* End PBXResourcesBuildPhase section */

/* Begin PBXShellScriptBuildPhase section */
		123B2D1C6381EC294E8AC839 /* [CP] Check Pods Manifest.lock */ = {
			isa = PBXShellScriptBuildPhase;
			buildActionMask = 2147483647;
			files = (
			);
			inputPaths = (
				"${PODS_PODFILE_DIR_PATH}/Podfile.lock",
				"${PODS_ROOT}/Manifest.lock",
			);
			name = "[CP] Check Pods Manifest.lock";
			outputPaths = (
				"$(DERIVED_FILE_DIR)/Pods-EMSMobileSDKTests-checkManifestLockResult.txt",
			);
			runOnlyForDeploymentPostprocessing = 0;
			shellPath = /bin/sh;
			shellScript = "diff \"${PODS_PODFILE_DIR_PATH}/Podfile.lock\" \"${PODS_ROOT}/Manifest.lock\" > /dev/null\nif [ $? != 0 ] ; then\n    # print error to STDERR\n    echo \"error: The sandbox is not in sync with the Podfile.lock. Run 'pod install' or update your CocoaPods installation.\" >&2\n    exit 1\nfi\n# This output is used by Xcode 'outputs' to avoid re-running this script phase.\necho \"SUCCESS\" > \"${SCRIPT_OUTPUT_FILE_0}\"\n";
			showEnvVarsInLog = 0;
		};
		90B6656723C423A4009BC2F3 /* ShellScript */ = {
			isa = PBXShellScriptBuildPhase;
			buildActionMask = 2147483647;
			files = (
			);
			inputFileListPaths = (
			);
			inputPaths = (
			);
			outputFileListPaths = (
			);
			outputPaths = (
			);
			runOnlyForDeploymentPostprocessing = 0;
			shellPath = /bin/sh;
			shellScript = "if which swiftlint >/dev/null; then\nswiftlint --config .swiftlint.yml \nelse\necho \"warning: SwiftLint not installed, download from https://github.com/realm/SwiftLint\"\nfi\n";
		};
		975861752D9747238A08BA72 /* [CP] Check Pods Manifest.lock */ = {
			isa = PBXShellScriptBuildPhase;
			buildActionMask = 2147483647;
			files = (
			);
			inputFileListPaths = (
			);
			inputPaths = (
				"${PODS_PODFILE_DIR_PATH}/Podfile.lock",
				"${PODS_ROOT}/Manifest.lock",
			);
			name = "[CP] Check Pods Manifest.lock";
			outputFileListPaths = (
			);
			outputPaths = (
				"$(DERIVED_FILE_DIR)/Pods-EMSMobileSDK-checkManifestLockResult.txt",
			);
			runOnlyForDeploymentPostprocessing = 0;
			shellPath = /bin/sh;
			shellScript = "diff \"${PODS_PODFILE_DIR_PATH}/Podfile.lock\" \"${PODS_ROOT}/Manifest.lock\" > /dev/null\nif [ $? != 0 ] ; then\n    # print error to STDERR\n    echo \"error: The sandbox is not in sync with the Podfile.lock. Run 'pod install' or update your CocoaPods installation.\" >&2\n    exit 1\nfi\n# This output is used by Xcode 'outputs' to avoid re-running this script phase.\necho \"SUCCESS\" > \"${SCRIPT_OUTPUT_FILE_0}\"\n";
			showEnvVarsInLog = 0;
		};
		E0483E906827056C9BA7B203 /* [CP] Embed Pods Frameworks */ = {
			isa = PBXShellScriptBuildPhase;
			buildActionMask = 2147483647;
			files = (
			);
			inputPaths = (
				"${PODS_ROOT}/Target Support Files/Pods-EMSMobileSDKTests/Pods-EMSMobileSDKTests-frameworks.sh",
				"${BUILT_PRODUCTS_DIR}/Alamofire/Alamofire.framework",
			);
			name = "[CP] Embed Pods Frameworks";
			outputPaths = (
				"${TARGET_BUILD_DIR}/${FRAMEWORKS_FOLDER_PATH}/Alamofire.framework",
			);
			runOnlyForDeploymentPostprocessing = 0;
			shellPath = /bin/sh;
			shellScript = "\"${PODS_ROOT}/Target Support Files/Pods-EMSMobileSDKTests/Pods-EMSMobileSDKTests-frameworks.sh\"\n";
			showEnvVarsInLog = 0;
		};
/* End PBXShellScriptBuildPhase section */

/* Begin PBXSourcesBuildPhase section */
		7DA4238D23C465390082B7C4 /* Sources */ = {
			isa = PBXSourcesBuildPhase;
			buildActionMask = 2147483647;
			files = (
				7DA4239823C465390082B7C4 /* ViewController.swift in Sources */,
				7DA4239423C465390082B7C4 /* AppDelegate.swift in Sources */,
			);
			runOnlyForDeploymentPostprocessing = 0;
		};
		7E4A789E1E64B3E200CE6302 /* Sources */ = {
			isa = PBXSourcesBuildPhase;
			buildActionMask = 2147483647;
			files = (
				7BD52B801FBDF1BD008A0755 /* EMSMobileSDK.swift in Sources */,
				7DA4238823C433B40082B7C4 /* KeychainAccess.swift in Sources */,
				7E22C20D1E64BA4900CA905E /* EMSCommsError.swift in Sources */,
				7E22C20C1E64BA4900CA905E /* EMSRegions.swift in Sources */,
				D185B0C920DACEB80018C24E /* EMSDeepLink.swift in Sources */,
				7DDD02F223C5C66A0047ADA7 /* EMSAPI.swift in Sources */,
			);
			runOnlyForDeploymentPostprocessing = 0;
		};
		7E4A78A81E64B3E200CE6302 /* Sources */ = {
			isa = PBXSourcesBuildPhase;
			buildActionMask = 2147483647;
			files = (
				7E22C2101E64BA6100CA905E /* EMSMobileSDKTests.swift in Sources */,
				7DA4238C23C434670082B7C4 /* KeychainAccessTests.swift in Sources */,
			);
			runOnlyForDeploymentPostprocessing = 0;
		};
/* End PBXSourcesBuildPhase section */

/* Begin PBXTargetDependency section */
		7DA423A623C465540082B7C4 /* PBXTargetDependency */ = {
			isa = PBXTargetDependency;
			target = 7DA4239023C465390082B7C4 /* EMSMobileSDKHost */;
			targetProxy = 7DA423A523C465540082B7C4 /* PBXContainerItemProxy */;
		};
		7E4A78AF1E64B3E200CE6302 /* PBXTargetDependency */ = {
			isa = PBXTargetDependency;
			target = 7E4A78A21E64B3E200CE6302 /* EMSMobileSDK */;
			targetProxy = 7E4A78AE1E64B3E200CE6302 /* PBXContainerItemProxy */;
		};
/* End PBXTargetDependency section */

/* Begin PBXVariantGroup section */
		7DA4239923C465390082B7C4 /* Main.storyboard */ = {
			isa = PBXVariantGroup;
			children = (
				7DA4239A23C465390082B7C4 /* Base */,
			);
			name = Main.storyboard;
			sourceTree = "<group>";
		};
		7DA4239E23C4653C0082B7C4 /* LaunchScreen.storyboard */ = {
			isa = PBXVariantGroup;
			children = (
				7DA4239F23C4653C0082B7C4 /* Base */,
			);
			name = LaunchScreen.storyboard;
			sourceTree = "<group>";
		};
/* End PBXVariantGroup section */

/* Begin XCBuildConfiguration section */
		7DA423A323C4653C0082B7C4 /* Debug */ = {
			isa = XCBuildConfiguration;
			buildSettings = {
				ASSETCATALOG_COMPILER_APPICON_NAME = AppIcon;
				CLANG_ANALYZER_NUMBER_OBJECT_CONVERSION = YES_AGGRESSIVE;
				CLANG_CXX_LANGUAGE_STANDARD = "gnu++14";
				CLANG_ENABLE_OBJC_WEAK = YES;
				CLANG_WARN_UNGUARDED_AVAILABILITY = YES_AGGRESSIVE;
				CODE_SIGN_STYLE = Automatic;
				DEVELOPMENT_TEAM = 3U372X3A8W;
				GCC_C_LANGUAGE_STANDARD = gnu11;
				INFOPLIST_FILE = EMSMobileSDKHost/Info.plist;
				IPHONEOS_DEPLOYMENT_TARGET = 10.0;
				LD_RUNPATH_SEARCH_PATHS = "$(inherited) @executable_path/Frameworks";
				MTL_ENABLE_DEBUG_INFO = INCLUDE_SOURCE;
				MTL_FAST_MATH = YES;
				PRODUCT_BUNDLE_IDENTIFIER = com.work.dennis.diwa.EMSMobileSDKHost;
				PRODUCT_NAME = "$(TARGET_NAME)";
				SWIFT_VERSION = 5.0;
				TARGETED_DEVICE_FAMILY = "1,2";
			};
			name = Debug;
		};
		7DA423A423C4653C0082B7C4 /* Release */ = {
			isa = XCBuildConfiguration;
			buildSettings = {
				ASSETCATALOG_COMPILER_APPICON_NAME = AppIcon;
				CLANG_ANALYZER_NUMBER_OBJECT_CONVERSION = YES_AGGRESSIVE;
				CLANG_CXX_LANGUAGE_STANDARD = "gnu++14";
				CLANG_ENABLE_OBJC_WEAK = YES;
				CLANG_WARN_UNGUARDED_AVAILABILITY = YES_AGGRESSIVE;
				CODE_SIGN_STYLE = Automatic;
				DEVELOPMENT_TEAM = 3U372X3A8W;
				GCC_C_LANGUAGE_STANDARD = gnu11;
				INFOPLIST_FILE = EMSMobileSDKHost/Info.plist;
				IPHONEOS_DEPLOYMENT_TARGET = 10.0;
				LD_RUNPATH_SEARCH_PATHS = "$(inherited) @executable_path/Frameworks";
				MTL_FAST_MATH = YES;
				PRODUCT_BUNDLE_IDENTIFIER = com.work.dennis.diwa.EMSMobileSDKHost;
				PRODUCT_NAME = "$(TARGET_NAME)";
				SWIFT_VERSION = 5.0;
				TARGETED_DEVICE_FAMILY = "1,2";
			};
			name = Release;
		};
		7E4A78B51E64B3E200CE6302 /* Debug */ = {
			isa = XCBuildConfiguration;
			buildSettings = {
				ALWAYS_SEARCH_USER_PATHS = NO;
				CLANG_ANALYZER_LOCALIZABILITY_NONLOCALIZED = YES;
				CLANG_ANALYZER_NONNULL = YES;
				CLANG_CXX_LANGUAGE_STANDARD = "gnu++0x";
				CLANG_CXX_LIBRARY = "libc++";
				CLANG_ENABLE_MODULES = YES;
				CLANG_ENABLE_OBJC_ARC = YES;
				CLANG_WARN_BLOCK_CAPTURE_AUTORELEASING = YES;
				CLANG_WARN_BOOL_CONVERSION = YES;
				CLANG_WARN_COMMA = YES;
				CLANG_WARN_CONSTANT_CONVERSION = YES;
				CLANG_WARN_DEPRECATED_OBJC_IMPLEMENTATIONS = YES;
				CLANG_WARN_DIRECT_OBJC_ISA_USAGE = YES_ERROR;
				CLANG_WARN_DOCUMENTATION_COMMENTS = YES;
				CLANG_WARN_EMPTY_BODY = YES;
				CLANG_WARN_ENUM_CONVERSION = YES;
				CLANG_WARN_INFINITE_RECURSION = YES;
				CLANG_WARN_INT_CONVERSION = YES;
				CLANG_WARN_NON_LITERAL_NULL_CONVERSION = YES;
				CLANG_WARN_OBJC_IMPLICIT_RETAIN_SELF = YES;
				CLANG_WARN_OBJC_LITERAL_CONVERSION = YES;
				CLANG_WARN_OBJC_ROOT_CLASS = YES_ERROR;
				CLANG_WARN_RANGE_LOOP_ANALYSIS = YES;
				CLANG_WARN_STRICT_PROTOTYPES = YES;
				CLANG_WARN_SUSPICIOUS_MOVE = YES;
				CLANG_WARN_UNREACHABLE_CODE = YES;
				CLANG_WARN__DUPLICATE_METHOD_MATCH = YES;
				"CODE_SIGN_IDENTITY[sdk=iphoneos*]" = "iPhone Developer";
				COPY_PHASE_STRIP = NO;
				CURRENT_PROJECT_VERSION = 1;
				DEBUG_INFORMATION_FORMAT = dwarf;
				ENABLE_STRICT_OBJC_MSGSEND = YES;
				ENABLE_TESTABILITY = YES;
				GCC_C_LANGUAGE_STANDARD = gnu99;
				GCC_DYNAMIC_NO_PIC = NO;
				GCC_NO_COMMON_BLOCKS = YES;
				GCC_OPTIMIZATION_LEVEL = 0;
				GCC_PREPROCESSOR_DEFINITIONS = (
					"DEBUG=1",
					"$(inherited)",
				);
				GCC_WARN_64_TO_32_BIT_CONVERSION = YES;
				GCC_WARN_ABOUT_RETURN_TYPE = YES_ERROR;
				GCC_WARN_UNDECLARED_SELECTOR = YES;
				GCC_WARN_UNINITIALIZED_AUTOS = YES_AGGRESSIVE;
				GCC_WARN_UNUSED_FUNCTION = YES;
				GCC_WARN_UNUSED_VARIABLE = YES;
				IPHONEOS_DEPLOYMENT_TARGET = 10.0;
				MTL_ENABLE_DEBUG_INFO = YES;
				ONLY_ACTIVE_ARCH = YES;
				SDKROOT = iphoneos;
				SWIFT_ACTIVE_COMPILATION_CONDITIONS = DEBUG;
				SWIFT_OPTIMIZATION_LEVEL = "-Onone";
				SWIFT_VERSION = 5.0;
				TARGETED_DEVICE_FAMILY = "1,2";
				VERSIONING_SYSTEM = "apple-generic";
				VERSION_INFO_PREFIX = "";
			};
			name = Debug;
		};
		7E4A78B61E64B3E200CE6302 /* Release */ = {
			isa = XCBuildConfiguration;
			buildSettings = {
				ALWAYS_SEARCH_USER_PATHS = NO;
				CLANG_ANALYZER_LOCALIZABILITY_NONLOCALIZED = YES;
				CLANG_ANALYZER_NONNULL = YES;
				CLANG_CXX_LANGUAGE_STANDARD = "gnu++0x";
				CLANG_CXX_LIBRARY = "libc++";
				CLANG_ENABLE_MODULES = YES;
				CLANG_ENABLE_OBJC_ARC = YES;
				CLANG_WARN_BLOCK_CAPTURE_AUTORELEASING = YES;
				CLANG_WARN_BOOL_CONVERSION = YES;
				CLANG_WARN_COMMA = YES;
				CLANG_WARN_CONSTANT_CONVERSION = YES;
				CLANG_WARN_DEPRECATED_OBJC_IMPLEMENTATIONS = YES;
				CLANG_WARN_DIRECT_OBJC_ISA_USAGE = YES_ERROR;
				CLANG_WARN_DOCUMENTATION_COMMENTS = YES;
				CLANG_WARN_EMPTY_BODY = YES;
				CLANG_WARN_ENUM_CONVERSION = YES;
				CLANG_WARN_INFINITE_RECURSION = YES;
				CLANG_WARN_INT_CONVERSION = YES;
				CLANG_WARN_NON_LITERAL_NULL_CONVERSION = YES;
				CLANG_WARN_OBJC_IMPLICIT_RETAIN_SELF = YES;
				CLANG_WARN_OBJC_LITERAL_CONVERSION = YES;
				CLANG_WARN_OBJC_ROOT_CLASS = YES_ERROR;
				CLANG_WARN_RANGE_LOOP_ANALYSIS = YES;
				CLANG_WARN_STRICT_PROTOTYPES = YES;
				CLANG_WARN_SUSPICIOUS_MOVE = YES;
				CLANG_WARN_UNREACHABLE_CODE = YES;
				CLANG_WARN__DUPLICATE_METHOD_MATCH = YES;
				"CODE_SIGN_IDENTITY[sdk=iphoneos*]" = "iPhone Developer";
				COPY_PHASE_STRIP = NO;
				CURRENT_PROJECT_VERSION = 1;
				DEBUG_INFORMATION_FORMAT = "dwarf-with-dsym";
				ENABLE_NS_ASSERTIONS = NO;
				ENABLE_STRICT_OBJC_MSGSEND = YES;
				GCC_C_LANGUAGE_STANDARD = gnu99;
				GCC_NO_COMMON_BLOCKS = YES;
				GCC_WARN_64_TO_32_BIT_CONVERSION = YES;
				GCC_WARN_ABOUT_RETURN_TYPE = YES_ERROR;
				GCC_WARN_UNDECLARED_SELECTOR = YES;
				GCC_WARN_UNINITIALIZED_AUTOS = YES_AGGRESSIVE;
				GCC_WARN_UNUSED_FUNCTION = YES;
				GCC_WARN_UNUSED_VARIABLE = YES;
				IPHONEOS_DEPLOYMENT_TARGET = 10.0;
				MTL_ENABLE_DEBUG_INFO = NO;
				SDKROOT = iphoneos;
				SWIFT_OPTIMIZATION_LEVEL = "-Owholemodule";
				SWIFT_VERSION = 5.0;
				TARGETED_DEVICE_FAMILY = "1,2";
				VALIDATE_PRODUCT = YES;
				VERSIONING_SYSTEM = "apple-generic";
				VERSION_INFO_PREFIX = "";
			};
			name = Release;
		};
		7E4A78B81E64B3E200CE6302 /* Debug */ = {
			isa = XCBuildConfiguration;
			baseConfigurationReference = 895A7C4226BA93664502DB3F /* Pods-EMSMobileSDK.debug.xcconfig */;
			buildSettings = {
				CLANG_ENABLE_MODULES = YES;
				CODE_SIGN_IDENTITY = "";
				CURRENT_PROJECT_VERSION = "$(VERSION_NUMBER)";
				DEFINES_MODULE = YES;
				DEVELOPMENT_TEAM = 92ZW54NZ5P;
				DYLIB_COMPATIBILITY_VERSION = 1;
				DYLIB_CURRENT_VERSION = 1;
				DYLIB_INSTALL_NAME_BASE = "@rpath";
				FRAMEWORK_SEARCH_PATHS = "$(inherited)";
				INFOPLIST_FILE = EMSMobileSDK/Info.plist;
				INSTALL_PATH = "$(LOCAL_LIBRARY_DIR)/Frameworks";
				IPHONEOS_DEPLOYMENT_TARGET = 10.0;
				LD_RUNPATH_SEARCH_PATHS = "$(inherited) @executable_path/Frameworks @loader_path/Frameworks";
				PRODUCT_BUNDLE_IDENTIFIER = com.experian.EMSMobileSDK;
				PRODUCT_NAME = "$(TARGET_NAME)";
				PROVISIONING_PROFILE_SPECIFIER = "";
				SKIP_INSTALL = YES;
				SWIFT_OPTIMIZATION_LEVEL = "-Onone";
				SWIFT_VERSION = 5.0;
				VERSION_NUMBER = 1.4.0;
			};
			name = Debug;
		};
		7E4A78B91E64B3E200CE6302 /* Release */ = {
			isa = XCBuildConfiguration;
			baseConfigurationReference = F7E132AF2D4FA3219AF458A2 /* Pods-EMSMobileSDK.release.xcconfig */;
			buildSettings = {
				CLANG_ENABLE_MODULES = YES;
				CODE_SIGN_IDENTITY = "";
				CURRENT_PROJECT_VERSION = "$(VERSION_NUMBER)";
				DEFINES_MODULE = YES;
				DEVELOPMENT_TEAM = 92ZW54NZ5P;
				DYLIB_COMPATIBILITY_VERSION = 1;
				DYLIB_CURRENT_VERSION = 1;
				DYLIB_INSTALL_NAME_BASE = "@rpath";
				FRAMEWORK_SEARCH_PATHS = "$(inherited)";
				INFOPLIST_FILE = EMSMobileSDK/Info.plist;
				INSTALL_PATH = "$(LOCAL_LIBRARY_DIR)/Frameworks";
				IPHONEOS_DEPLOYMENT_TARGET = 10.0;
				LD_RUNPATH_SEARCH_PATHS = "$(inherited) @executable_path/Frameworks @loader_path/Frameworks";
				PRODUCT_BUNDLE_IDENTIFIER = com.experian.EMSMobileSDK;
				PRODUCT_NAME = "$(TARGET_NAME)";
				PROVISIONING_PROFILE_SPECIFIER = "";
				SKIP_INSTALL = YES;
				SWIFT_VERSION = 5.0;
				VERSION_NUMBER = 1.4.0;
			};
			name = Release;
		};
		7E4A78BB1E64B3E200CE6302 /* Debug */ = {
			isa = XCBuildConfiguration;
			baseConfigurationReference = BB0B16D3AC97067C8F8F60A2 /* Pods-EMSMobileSDKTests.debug.xcconfig */;
			buildSettings = {
				ALWAYS_EMBED_SWIFT_STANDARD_LIBRARIES = "$(inherited)";
				CLANG_ENABLE_MODULES = YES;
				DEVELOPMENT_TEAM = 92ZW54NZ5P;
				FRAMEWORK_SEARCH_PATHS = (
					"$(PROJECT_DIR)/**",
					"$(inherited)",
				);
				INFOPLIST_FILE = EMSMobileSDKTests/Info.plist;
				LD_RUNPATH_SEARCH_PATHS = "$(inherited) @executable_path/Frameworks @loader_path/Frameworks";
				PRODUCT_BUNDLE_IDENTIFIER = com.experian.EMSMobileSDKTests;
				PRODUCT_NAME = "$(TARGET_NAME)";
				SWIFT_OPTIMIZATION_LEVEL = "-Onone";
				SWIFT_VERSION = 5.0;
				TEST_HOST = "$(BUILT_PRODUCTS_DIR)/EMSMobileSDKHost.app/EMSMobileSDKHost";
			};
			name = Debug;
		};
		7E4A78BC1E64B3E200CE6302 /* Release */ = {
			isa = XCBuildConfiguration;
			baseConfigurationReference = 207EC30A8BFDBBC4C06677D5 /* Pods-EMSMobileSDKTests.release.xcconfig */;
			buildSettings = {
				ALWAYS_EMBED_SWIFT_STANDARD_LIBRARIES = "$(inherited)";
				CLANG_ENABLE_MODULES = YES;
				DEVELOPMENT_TEAM = 92ZW54NZ5P;
				FRAMEWORK_SEARCH_PATHS = (
					"$(PROJECT_DIR)/**",
					"$(inherited)",
				);
				INFOPLIST_FILE = EMSMobileSDKTests/Info.plist;
				LD_RUNPATH_SEARCH_PATHS = "$(inherited) @executable_path/Frameworks @loader_path/Frameworks";
				PRODUCT_BUNDLE_IDENTIFIER = com.experian.EMSMobileSDKTests;
				PRODUCT_NAME = "$(TARGET_NAME)";
				SWIFT_VERSION = 5.0;
				TEST_HOST = "$(BUILT_PRODUCTS_DIR)/EMSMobileSDKHost.app/EMSMobileSDKHost";
			};
			name = Release;
		};
/* End XCBuildConfiguration section */

/* Begin XCConfigurationList section */
		7DA423A223C4653C0082B7C4 /* Build configuration list for PBXNativeTarget "EMSMobileSDKHost" */ = {
			isa = XCConfigurationList;
			buildConfigurations = (
				7DA423A323C4653C0082B7C4 /* Debug */,
				7DA423A423C4653C0082B7C4 /* Release */,
			);
			defaultConfigurationIsVisible = 0;
			defaultConfigurationName = Release;
		};
		7E4A789D1E64B3E200CE6302 /* Build configuration list for PBXProject "EMSMobileSDK" */ = {
			isa = XCConfigurationList;
			buildConfigurations = (
				7E4A78B51E64B3E200CE6302 /* Debug */,
				7E4A78B61E64B3E200CE6302 /* Release */,
			);
			defaultConfigurationIsVisible = 0;
			defaultConfigurationName = Release;
		};
		7E4A78B71E64B3E200CE6302 /* Build configuration list for PBXNativeTarget "EMSMobileSDK" */ = {
			isa = XCConfigurationList;
			buildConfigurations = (
				7E4A78B81E64B3E200CE6302 /* Debug */,
				7E4A78B91E64B3E200CE6302 /* Release */,
			);
			defaultConfigurationIsVisible = 0;
			defaultConfigurationName = Release;
		};
		7E4A78BA1E64B3E200CE6302 /* Build configuration list for PBXNativeTarget "EMSMobileSDKTests" */ = {
			isa = XCConfigurationList;
			buildConfigurations = (
				7E4A78BB1E64B3E200CE6302 /* Debug */,
				7E4A78BC1E64B3E200CE6302 /* Release */,
			);
			defaultConfigurationIsVisible = 0;
			defaultConfigurationName = Release;
		};
/* End XCConfigurationList section */
	};
	rootObject = 7E4A789A1E64B3E200CE6302 /* Project object */;
}
